
Microsoft Visual Studio Solution File, Format Version 12.00
# Visual Studio 2013
VisualStudioVersion = 12.0.31101.0
MinimumVisualStudioVersion = 10.0.40219.1
Project("{2150E333-8FDC-42A3-9474-1A3956D46DE8}") = "Common", "Common", "{8F93F21F-6173-4A70-8487-814EC39D7D92}"
EndProject
Project("{2150E333-8FDC-42A3-9474-1A3956D46DE8}") = "RelayMessaging", "RelayMessaging", "{59CEF1A4-7314-42E7-B986-91E0A851F9E6}"
EndProject
Project("{2150E333-8FDC-42A3-9474-1A3956D46DE8}") = "SOAP", "SOAP", "{6B6DEA87-4BDD-47F5-A560-B3376269D53E}"
EndProject
Project("{2150E333-8FDC-42A3-9474-1A3956D46DE8}") = "REST", "REST", "{C1AAD482-15E6-4C4F-A89E-8B1CAFFF10C1}"
EndProject
Project("{FAE04EC0-301F-11D3-BF4B-00C04F79EFBC}") = "MyContract", "Common\MyContract\MyContract.csproj", "{3C14BA0A-0CBF-4803-8868-98AC12B48900}"
EndProject
Project("{FAE04EC0-301F-11D3-BF4B-00C04F79EFBC}") = "EchoServiceClient", "RelayMessaging\SOAP\EchoServiceClient\EchoServiceClient.csproj", "{D1E5A530-BF23-4682-B894-918A0D77FAAF}"
EndProject
Project("{FAE04EC0-301F-11D3-BF4B-00C04F79EFBC}") = "EchoServices", "RelayMessaging\SOAP\EchoServices\EchoServices.csproj", "{52B3FE72-1C96-475C-94D5-34A4623A7FC0}"
EndProject
Project("{FAE04EC0-301F-11D3-BF4B-00C04F79EFBC}") = "EchoRestClient", "RelayMessaging\REST\EchoRestClient\EchoRestClient.csproj", "{8D7FB2B3-79EF-42A1-BC7A-8E8D3F21DDEF}"
EndProject
Project("{FAE04EC0-301F-11D3-BF4B-00C04F79EFBC}") = "EchoRestServices", "RelayMessaging\REST\EchoRestServices\EchoRestServices.csproj", "{8E64333A-3A97-4D12-AC64-504675227A56}"
EndProject
Project("{FAE04EC0-301F-11D3-BF4B-00C04F79EFBC}") = "CustomWCFComponents", "Common\CustomWCFComponents\CustomWCFComponents.csproj", "{89EAD60B-7E32-4A24-8EB9-617CF8F9E745}"
EndProject
Project("{FAE04EC0-301F-11D3-BF4B-00C04F79EFBC}") = "MyBehaviors", "Common\MyBehaviors\MyBehaviors.csproj", "{1F4466EE-1649-42E3-BD40-522115CF3AB9}"
EndProject
Project("{FAE04EC0-301F-11D3-BF4B-00C04F79EFBC}") = "TestCertificates", "Common\TestCertificates\TestCertificates.csproj", "{6E9D31E0-6FD4-495D-83E9-165241817E66}"
EndProject
Project("{FAE04EC0-301F-11D3-BF4B-00C04F79EFBC}") = "CreatingKeys", "RelayMessaging\CreatingKeys\CreatingKeys.csproj", "{36C82F84-0629-4D00-8373-57DB8ABF2294}"
EndProject
Project("{2150E333-8FDC-42A3-9474-1A3956D46DE8}") = "BrokeredMessaging", "BrokeredMessaging", "{2E9408CF-7175-4406-B37C-AC883D6B04B1}"
EndProject
Project("{FAE04EC0-301F-11D3-BF4B-00C04F79EFBC}") = "QueueSample", "BrokeredMessaging\QueueSample\QueueSample.csproj", "{42133659-9F1D-4A5B-9908-A6E09CAB11A9}"
EndProject
Project("{FAE04EC0-301F-11D3-BF4B-00C04F79EFBC}") = "QueueReceiveOnMessage", "BrokeredMessaging\QueueReceiveOnMessage\QueueReceiveOnMessage.csproj", "{542272A4-E186-47FA-A2A3-30C0A8F2B55E}"
EndProject
Project("{FAE04EC0-301F-11D3-BF4B-00C04F79EFBC}") = "QueueRESTExample", "BrokeredMessaging\QueueRESTExample\QueueRESTExample.csproj", "{79CE170E-4A77-4432-9280-796172815C40}"
EndProject
Project("{FAE04EC0-301F-11D3-BF4B-00C04F79EFBC}") = "TopicAndSubscriptions", "BrokeredMessaging\TopicAndSubscriptions\TopicAndSubscriptions.csproj", "{44E039B3-B8A0-4EAA-B24B-75265AD06173}"
EndProject
Project("{2150E333-8FDC-42A3-9474-1A3956D46DE8}") = "WCF", "WCF", "{DF9ABF07-C139-4F40-A78B-70F5029FB189}"
EndProject
Project("{FAE04EC0-301F-11D3-BF4B-00C04F79EFBC}") = "NetMessagingBindingWCFClient", "BrokeredMessaging\WCF\NetMessagingBindingWCFClient\NetMessagingBindingWCFClient.csproj", "{F0E1F398-F8CD-49D6-8EEB-17E51B168C52}"
EndProject
Project("{FAE04EC0-301F-11D3-BF4B-00C04F79EFBC}") = "NetMessagingBindingWCFService", "BrokeredMessaging\WCF\NetMessagingBindingWCFService\NetMessagingBindingWCFService.csproj", "{DF19EB71-749A-4FBD-B4B8-8DA5229857F9}"
EndProject
Project("{2150E333-8FDC-42A3-9474-1A3956D46DE8}") = "EventHub", "EventHub", "{AC129B3D-DF22-44C9-AA2F-C6ED3B24F8AB}"
EndProject
Project("{FAE04EC0-301F-11D3-BF4B-00C04F79EFBC}") = "Sender", "EventHub\Sender\Sender.csproj", "{B83EDF44-46D7-48F9-AA92-99F57A2DBB7C}"
EndProject
Project("{FAE04EC0-301F-11D3-BF4B-00C04F79EFBC}") = "Receiver", "EventHub\Receiver\Receiver.csproj", "{FFF6227A-5DE8-4B3F-9EED-8C8BA705C05A}"
EndProject
Global
	GlobalSection(SolutionConfigurationPlatforms) = preSolution
		Debug|Any CPU = Debug|Any CPU
		Release|Any CPU = Release|Any CPU
	EndGlobalSection
	GlobalSection(ProjectConfigurationPlatforms) = postSolution
		{3C14BA0A-0CBF-4803-8868-98AC12B48900}.Debug|Any CPU.ActiveCfg = Debug|Any CPU
		{3C14BA0A-0CBF-4803-8868-98AC12B48900}.Debug|Any CPU.Build.0 = Debug|Any CPU
		{3C14BA0A-0CBF-4803-8868-98AC12B48900}.Release|Any CPU.ActiveCfg = Release|Any CPU
		{3C14BA0A-0CBF-4803-8868-98AC12B48900}.Release|Any CPU.Build.0 = Release|Any CPU
		{D1E5A530-BF23-4682-B894-918A0D77FAAF}.Debug|Any CPU.ActiveCfg = Debug|Any CPU
		{D1E5A530-BF23-4682-B894-918A0D77FAAF}.Debug|Any CPU.Build.0 = Debug|Any CPU
		{D1E5A530-BF23-4682-B894-918A0D77FAAF}.Release|Any CPU.ActiveCfg = Release|Any CPU
		{D1E5A530-BF23-4682-B894-918A0D77FAAF}.Release|Any CPU.Build.0 = Release|Any CPU
		{52B3FE72-1C96-475C-94D5-34A4623A7FC0}.Debug|Any CPU.ActiveCfg = Debug|Any CPU
		{52B3FE72-1C96-475C-94D5-34A4623A7FC0}.Debug|Any CPU.Build.0 = Debug|Any CPU
		{52B3FE72-1C96-475C-94D5-34A4623A7FC0}.Release|Any CPU.ActiveCfg = Release|Any CPU
		{52B3FE72-1C96-475C-94D5-34A4623A7FC0}.Release|Any CPU.Build.0 = Release|Any CPU
		{8D7FB2B3-79EF-42A1-BC7A-8E8D3F21DDEF}.Debug|Any CPU.ActiveCfg = Debug|Any CPU
		{8D7FB2B3-79EF-42A1-BC7A-8E8D3F21DDEF}.Debug|Any CPU.Build.0 = Debug|Any CPU
		{8D7FB2B3-79EF-42A1-BC7A-8E8D3F21DDEF}.Release|Any CPU.ActiveCfg = Release|Any CPU
		{8D7FB2B3-79EF-42A1-BC7A-8E8D3F21DDEF}.Release|Any CPU.Build.0 = Release|Any CPU
		{8E64333A-3A97-4D12-AC64-504675227A56}.Debug|Any CPU.ActiveCfg = Debug|Any CPU
		{8E64333A-3A97-4D12-AC64-504675227A56}.Debug|Any CPU.Build.0 = Debug|Any CPU
		{8E64333A-3A97-4D12-AC64-504675227A56}.Release|Any CPU.ActiveCfg = Release|Any CPU
		{8E64333A-3A97-4D12-AC64-504675227A56}.Release|Any CPU.Build.0 = Release|Any CPU
		{89EAD60B-7E32-4A24-8EB9-617CF8F9E745}.Debug|Any CPU.ActiveCfg = Debug|Any CPU
		{89EAD60B-7E32-4A24-8EB9-617CF8F9E745}.Debug|Any CPU.Build.0 = Debug|Any CPU
		{89EAD60B-7E32-4A24-8EB9-617CF8F9E745}.Release|Any CPU.ActiveCfg = Release|Any CPU
		{89EAD60B-7E32-4A24-8EB9-617CF8F9E745}.Release|Any CPU.Build.0 = Release|Any CPU
		{1F4466EE-1649-42E3-BD40-522115CF3AB9}.Debug|Any CPU.ActiveCfg = Debug|Any CPU
		{1F4466EE-1649-42E3-BD40-522115CF3AB9}.Debug|Any CPU.Build.0 = Debug|Any CPU
		{1F4466EE-1649-42E3-BD40-522115CF3AB9}.Release|Any CPU.ActiveCfg = Release|Any CPU
		{1F4466EE-1649-42E3-BD40-522115CF3AB9}.Release|Any CPU.Build.0 = Release|Any CPU
		{6E9D31E0-6FD4-495D-83E9-165241817E66}.Debug|Any CPU.ActiveCfg = Debug|Any CPU
		{6E9D31E0-6FD4-495D-83E9-165241817E66}.Debug|Any CPU.Build.0 = Debug|Any CPU
		{6E9D31E0-6FD4-495D-83E9-165241817E66}.Release|Any CPU.ActiveCfg = Release|Any CPU
		{6E9D31E0-6FD4-495D-83E9-165241817E66}.Release|Any CPU.Build.0 = Release|Any CPU
		{36C82F84-0629-4D00-8373-57DB8ABF2294}.Debug|Any CPU.ActiveCfg = Debug|Any CPU
		{36C82F84-0629-4D00-8373-57DB8ABF2294}.Debug|Any CPU.Build.0 = Debug|Any CPU
		{36C82F84-0629-4D00-8373-57DB8ABF2294}.Release|Any CPU.ActiveCfg = Release|Any CPU
		{36C82F84-0629-4D00-8373-57DB8ABF2294}.Release|Any CPU.Build.0 = Release|Any CPU
		{42133659-9F1D-4A5B-9908-A6E09CAB11A9}.Debug|Any CPU.ActiveCfg = Debug|Any CPU
		{42133659-9F1D-4A5B-9908-A6E09CAB11A9}.Debug|Any CPU.Build.0 = Debug|Any CPU
		{42133659-9F1D-4A5B-9908-A6E09CAB11A9}.Release|Any CPU.ActiveCfg = Release|Any CPU
		{42133659-9F1D-4A5B-9908-A6E09CAB11A9}.Release|Any CPU.Build.0 = Release|Any CPU
		{542272A4-E186-47FA-A2A3-30C0A8F2B55E}.Debug|Any CPU.ActiveCfg = Debug|Any CPU
		{542272A4-E186-47FA-A2A3-30C0A8F2B55E}.Debug|Any CPU.Build.0 = Debug|Any CPU
		{542272A4-E186-47FA-A2A3-30C0A8F2B55E}.Release|Any CPU.ActiveCfg = Release|Any CPU
		{542272A4-E186-47FA-A2A3-30C0A8F2B55E}.Release|Any CPU.Build.0 = Release|Any CPU
		{79CE170E-4A77-4432-9280-796172815C40}.Debug|Any CPU.ActiveCfg = Debug|Any CPU
		{79CE170E-4A77-4432-9280-796172815C40}.Debug|Any CPU.Build.0 = Debug|Any CPU
		{79CE170E-4A77-4432-9280-796172815C40}.Release|Any CPU.ActiveCfg = Release|Any CPU
		{79CE170E-4A77-4432-9280-796172815C40}.Release|Any CPU.Build.0 = Release|Any CPU
		{44E039B3-B8A0-4EAA-B24B-75265AD06173}.Debug|Any CPU.ActiveCfg = Debug|Any CPU
		{44E039B3-B8A0-4EAA-B24B-75265AD06173}.Debug|Any CPU.Build.0 = Debug|Any CPU
		{44E039B3-B8A0-4EAA-B24B-75265AD06173}.Release|Any CPU.ActiveCfg = Release|Any CPU
		{44E039B3-B8A0-4EAA-B24B-75265AD06173}.Release|Any CPU.Build.0 = Release|Any CPU
		{F0E1F398-F8CD-49D6-8EEB-17E51B168C52}.Debug|Any CPU.ActiveCfg = Debug|Any CPU
		{F0E1F398-F8CD-49D6-8EEB-17E51B168C52}.Debug|Any CPU.Build.0 = Debug|Any CPU
		{F0E1F398-F8CD-49D6-8EEB-17E51B168C52}.Release|Any CPU.ActiveCfg = Release|Any CPU
		{F0E1F398-F8CD-49D6-8EEB-17E51B168C52}.Release|Any CPU.Build.0 = Release|Any CPU
		{DF19EB71-749A-4FBD-B4B8-8DA5229857F9}.Debug|Any CPU.ActiveCfg = Debug|Any CPU
		{DF19EB71-749A-4FBD-B4B8-8DA5229857F9}.Debug|Any CPU.Build.0 = Debug|Any CPU
		{DF19EB71-749A-4FBD-B4B8-8DA5229857F9}.Release|Any CPU.ActiveCfg = Release|Any CPU
		{DF19EB71-749A-4FBD-B4B8-8DA5229857F9}.Release|Any CPU.Build.0 = Release|Any CPU
		{B83EDF44-46D7-48F9-AA92-99F57A2DBB7C}.Debug|Any CPU.ActiveCfg = Debug|Any CPU
		{B83EDF44-46D7-48F9-AA92-99F57A2DBB7C}.Debug|Any CPU.Build.0 = Debug|Any CPU
		{B83EDF44-46D7-48F9-AA92-99F57A2DBB7C}.Release|Any CPU.ActiveCfg = Release|Any CPU
		{B83EDF44-46D7-48F9-AA92-99F57A2DBB7C}.Release|Any CPU.Build.0 = Release|Any CPU
		{FFF6227A-5DE8-4B3F-9EED-8C8BA705C05A}.Debug|Any CPU.ActiveCfg = Debug|Any CPU
		{FFF6227A-5DE8-4B3F-9EED-8C8BA705C05A}.Debug|Any CPU.Build.0 = Debug|Any CPU
		{FFF6227A-5DE8-4B3F-9EED-8C8BA705C05A}.Release|Any CPU.ActiveCfg = Release|Any CPU
		{FFF6227A-5DE8-4B3F-9EED-8C8BA705C05A}.Release|Any CPU.Build.0 = Release|Any CPU
	EndGlobalSection
	GlobalSection(SolutionProperties) = preSolution
		HideSolutionNode = FALSE
	EndGlobalSection
	GlobalSection(NestedProjects) = preSolution
		{6B6DEA87-4BDD-47F5-A560-B3376269D53E} = {59CEF1A4-7314-42E7-B986-91E0A851F9E6}
		{C1AAD482-15E6-4C4F-A89E-8B1CAFFF10C1} = {59CEF1A4-7314-42E7-B986-91E0A851F9E6}
		{3C14BA0A-0CBF-4803-8868-98AC12B48900} = {8F93F21F-6173-4A70-8487-814EC39D7D92}
		{D1E5A530-BF23-4682-B894-918A0D77FAAF} = {6B6DEA87-4BDD-47F5-A560-B3376269D53E}
		{52B3FE72-1C96-475C-94D5-34A4623A7FC0} = {6B6DEA87-4BDD-47F5-A560-B3376269D53E}
		{8D7FB2B3-79EF-42A1-BC7A-8E8D3F21DDEF} = {C1AAD482-15E6-4C4F-A89E-8B1CAFFF10C1}
		{8E64333A-3A97-4D12-AC64-504675227A56} = {C1AAD482-15E6-4C4F-A89E-8B1CAFFF10C1}
		{89EAD60B-7E32-4A24-8EB9-617CF8F9E745} = {8F93F21F-6173-4A70-8487-814EC39D7D92}
		{1F4466EE-1649-42E3-BD40-522115CF3AB9} = {8F93F21F-6173-4A70-8487-814EC39D7D92}
		{6E9D31E0-6FD4-495D-83E9-165241817E66} = {8F93F21F-6173-4A70-8487-814EC39D7D92}
		{36C82F84-0629-4D00-8373-57DB8ABF2294} = {59CEF1A4-7314-42E7-B986-91E0A851F9E6}
		{42133659-9F1D-4A5B-9908-A6E09CAB11A9} = {2E9408CF-7175-4406-B37C-AC883D6B04B1}
		{542272A4-E186-47FA-A2A3-30C0A8F2B55E} = {2E9408CF-7175-4406-B37C-AC883D6B04B1}
		{79CE170E-4A77-4432-9280-796172815C40} = {2E9408CF-7175-4406-B37C-AC883D6B04B1}
		{44E039B3-B8A0-4EAA-B24B-75265AD06173} = {2E9408CF-7175-4406-B37C-AC883D6B04B1}
		{DF9ABF07-C139-4F40-A78B-70F5029FB189} = {2E9408CF-7175-4406-B37C-AC883D6B04B1}
		{F0E1F398-F8CD-49D6-8EEB-17E51B168C52} = {DF9ABF07-C139-4F40-A78B-70F5029FB189}
		{DF19EB71-749A-4FBD-B4B8-8DA5229857F9} = {DF9ABF07-C139-4F40-A78B-70F5029FB189}
		{B83EDF44-46D7-48F9-AA92-99F57A2DBB7C} = {AC129B3D-DF22-44C9-AA2F-C6ED3B24F8AB}
		{FFF6227A-5DE8-4B3F-9EED-8C8BA705C05A} = {AC129B3D-DF22-44C9-AA2F-C6ED3B24F8AB}
	EndGlobalSection
EndGlobal
